
Microsoft Visual Studio Solution File, Format Version 12.00
# Visual Studio Version 17
VisualStudioVersion = 17.2.32616.157
MinimumVisualStudioVersion = 10.0.40219.1
Project("{FAE04EC0-301F-11D3-BF4B-00C04F79EFBC}") = "e-commerce", "e-commerce\e-commerce.csproj", "{42790CE6-B0F5-464A-AE70-8BD224EED29A}"
EndProject
Global
	GlobalSection(SolutionConfigurationPlatforms) = preSolution
		Debug|Any CPU = Debug|Any CPU
		Release|Any CPU = Release|Any CPU
	EndGlobalSection
	GlobalSection(ProjectConfigurationPlatforms) = postSolution
		{42790CE6-B0F5-464A-AE70-8BD224EED29A}.Debug|Any CPU.ActiveCfg = Debug|Any CPU
		{42790CE6-B0F5-464A-AE70-8BD224EED29A}.Debug|Any CPU.Build.0 = Debug|Any CPU
		{42790CE6-B0F5-464A-AE70-8BD224EED29A}.Release|Any CPU.ActiveCfg = Release|Any CPU
		{42790CE6-B0F5-464A-AE70-8BD224EED29A}.Release|Any CPU.Build.0 = Release|Any CPU
	EndGlobalSection
	GlobalSection(SolutionProperties) = preSolution
		HideSolutionNode = FALSE
	EndGlobalSection
	GlobalSection(ExtensibilityGlobals) = postSolution
		SolutionGuid = {8825FB40-BF32-43FD-B30C-B110C79AAFA5}
	EndGlobalSection
EndGlobal
